// !$*UTF8*$!
{
	archiveVersion = 1;
	classes = {
	};
	objectVersion = 46;
	objects = {

/* Begin PBXBuildFile section */
		170226DA1CDC375D00EA6AF6 /* UnionCustomAlertView.xib in Resources */ = {isa = PBXBuildFile; fileRef = 170226D91CDC375D00EA6AF6 /* UnionCustomAlertView.xib */; };
		170226DE1CDC46D000EA6AF6 /* UnionCustomAlertView.swift in Sources */ = {isa = PBXBuildFile; fileRef = 170226DD1CDC46D000EA6AF6 /* UnionCustomAlertView.swift */; };
		170226E21CE6B19E00EA6AF6 /* AllUnionVO.swift in Sources */ = {isa = PBXBuildFile; fileRef = 170226E11CE6B19E00EA6AF6 /* AllUnionVO.swift */; };
		1711E86E1CCF5431006FC5E7 /* BreakfastViewController.swift in Sources */ = {isa = PBXBuildFile; fileRef = 1711E86D1CCF5431006FC5E7 /* BreakfastViewController.swift */; };
		1779BA531CCEF6BD002A62DC /* Cell.swift in Sources */ = {isa = PBXBuildFile; fileRef = 1779BA511CCEF6BD002A62DC /* Cell.swift */; };
		1779BA541CCEF6BD002A62DC /* Cell.xib in Resources */ = {isa = PBXBuildFile; fileRef = 1779BA521CCEF6BD002A62DC /* Cell.xib */; };
		1779BA571CCEF707002A62DC /* BreakfastView.swift in Sources */ = {isa = PBXBuildFile; fileRef = 1779BA551CCEF707002A62DC /* BreakfastView.swift */; };
		1779BA581CCEF707002A62DC /* BreakfastView.xib in Resources */ = {isa = PBXBuildFile; fileRef = 1779BA561CCEF707002A62DC /* BreakfastView.xib */; };
		1779BA5A1CCEF8E3002A62DC /* TableView.swift in Sources */ = {isa = PBXBuildFile; fileRef = 1779BA591CCEF8E3002A62DC /* TableView.swift */; };
		177D3F541CED603D00ED6875 /* OrderView.swift in Sources */ = {isa = PBXBuildFile; fileRef = 177D3F531CED603D00ED6875 /* OrderView.swift */; };
		1782A6211D05601900444075 /* FootballResultView.swift in Sources */ = {isa = PBXBuildFile; fileRef = 1782A61F1D05601900444075 /* FootballResultView.swift */; };
		1782A6221D05601900444075 /* FootballResultView.xib in Resources */ = {isa = PBXBuildFile; fileRef = 1782A6201D05601900444075 /* FootballResultView.xib */; };
		1782A6251D05603000444075 /* BasktballResultView.swift in Sources */ = {isa = PBXBuildFile; fileRef = 1782A6231D05603000444075 /* BasktballResultView.swift */; };
		1782A6261D05603000444075 /* BasktballResultView.xib in Resources */ = {isa = PBXBuildFile; fileRef = 1782A6241D05603000444075 /* BasktballResultView.xib */; };
		1782A6281D06670E00444075 /* ResultTitleModel.swift in Sources */ = {isa = PBXBuildFile; fileRef = 1782A6271D06670E00444075 /* ResultTitleModel.swift */; };
		1782A62A1D06675500444075 /* ResultCellModel.swift in Sources */ = {isa = PBXBuildFile; fileRef = 1782A6291D06675500444075 /* ResultCellModel.swift */; };
		1782A62C1D066B6B00444075 /* ResultTitleInfo.swift in Sources */ = {isa = PBXBuildFile; fileRef = 1782A62B1D066B6B00444075 /* ResultTitleInfo.swift */; };
		1798F2A21CEC406400D356D0 /* FluctuantView.swift in Sources */ = {isa = PBXBuildFile; fileRef = 1798F2A11CEC406400D356D0 /* FluctuantView.swift */; };
		1798F2A41CEC5C5F00D356D0 /* PassView.swift in Sources */ = {isa = PBXBuildFile; fileRef = 1798F2A31CEC5C5F00D356D0 /* PassView.swift */; };
		179DBF641CEAAAD200CA0384 /* FluctuantView.xib in Resources */ = {isa = PBXBuildFile; fileRef = 179DBF631CEAAAD200CA0384 /* FluctuantView.xib */; };
		179DBF661CEAC9FD00CA0384 /* FieldView.xib in Resources */ = {isa = PBXBuildFile; fileRef = 179DBF651CEAC9FD00CA0384 /* FieldView.xib */; };
		179DBF681CEAF50500CA0384 /* GoalsView.xib in Resources */ = {isa = PBXBuildFile; fileRef = 179DBF671CEAF50500CA0384 /* GoalsView.xib */; };
		179DBF6A1CEB048100CA0384 /* PassView.xib in Resources */ = {isa = PBXBuildFile; fileRef = 179DBF691CEB048100CA0384 /* PassView.xib */; };
		17B1810A1CC6152800CF3054 /* CartButtonView.xib in Resources */ = {isa = PBXBuildFile; fileRef = 17B181091CC6152800CF3054 /* CartButtonView.xib */; };
		17B1810C1CC618EA00CF3054 /* CartButtonView.swift in Sources */ = {isa = PBXBuildFile; fileRef = 17B1810B1CC618EA00CF3054 /* CartButtonView.swift */; };
		17B3445D1CC0903D002638FC /* HeaderView.swift in Sources */ = {isa = PBXBuildFile; fileRef = 17B3445C1CC0903D002638FC /* HeaderView.swift */; };
		17B3445F1CC0906F002638FC /* HeaderView.xib in Resources */ = {isa = PBXBuildFile; fileRef = 17B3445E1CC0906F002638FC /* HeaderView.xib */; };
		17C6EC061CD0BC8500DF71E1 /* SwiftNotice.swift in Sources */ = {isa = PBXBuildFile; fileRef = 17C6EC051CD0BC8500DF71E1 /* SwiftNotice.swift */; };
		17C6EC091CD197F000DF71E1 /* RollViewController.swift in Sources */ = {isa = PBXBuildFile; fileRef = 17C6EC081CD197F000DF71E1 /* RollViewController.swift */; };
		17C6EC0B1CD1982E00DF71E1 /* RollView.xib in Resources */ = {isa = PBXBuildFile; fileRef = 17C6EC0A1CD1982E00DF71E1 /* RollView.xib */; };
		17C6EC0D1CD1A57D00DF71E1 /* RollView.swift in Sources */ = {isa = PBXBuildFile; fileRef = 17C6EC0C1CD1A57D00DF71E1 /* RollView.swift */; };
		17D751D21CEBFF7D00A52040 /* GoalsView.swift in Sources */ = {isa = PBXBuildFile; fileRef = 17D751D11CEBFF7D00A52040 /* GoalsView.swift */; };
		17D751D41CEC07DB00A52040 /* FieldView.swift in Sources */ = {isa = PBXBuildFile; fileRef = 17D751D31CEC07DB00A52040 /* FieldView.swift */; };
		17D843C11D01710F00BD7170 /* OnlineUser.swift in Sources */ = {isa = PBXBuildFile; fileRef = 17D843C01D01710F00BD7170 /* OnlineUser.swift */; };
		17DA62181CB8CDAF009070E6 /* SwiftCustomAlertView.swift in Sources */ = {isa = PBXBuildFile; fileRef = 17DA62121CB8CDAF009070E6 /* SwiftCustomAlertView.swift */; };
		17DA62191CB8CDAF009070E6 /* SwiftCustomAlertView.xib in Resources */ = {isa = PBXBuildFile; fileRef = 17DA62131CB8CDAF009070E6 /* SwiftCustomAlertView.xib */; };
		17DA621A1CB8CDAF009070E6 /* UnionTitleView.swift in Sources */ = {isa = PBXBuildFile; fileRef = 17DA62141CB8CDAF009070E6 /* UnionTitleView.swift */; };
		17DA621B1CB8CDAF009070E6 /* UnionTitleView.xib in Resources */ = {isa = PBXBuildFile; fileRef = 17DA62151CB8CDAF009070E6 /* UnionTitleView.xib */; };
		17DA62221CB8CDDC009070E6 /* OrderCellModel.swift in Sources */ = {isa = PBXBuildFile; fileRef = 17DA621D1CB8CDDC009070E6 /* OrderCellModel.swift */; };
		17DA62231CB8CDDC009070E6 /* UnionTitleInfo.swift in Sources */ = {isa = PBXBuildFile; fileRef = 17DA621E1CB8CDDC009070E6 /* UnionTitleInfo.swift */; };
		17DA62241CB8CDDC009070E6 /* UnionTitleModel.swift in Sources */ = {isa = PBXBuildFile; fileRef = 17DA621F1CB8CDDC009070E6 /* UnionTitleModel.swift */; };
		17DA62251CB8CDDC009070E6 /* UnionTitleVO.swift in Sources */ = {isa = PBXBuildFile; fileRef = 17DA62201CB8CDDC009070E6 /* UnionTitleVO.swift */; };
		17DA62271CB8CDEE009070E6 /* ToolsCode.swift in Sources */ = {isa = PBXBuildFile; fileRef = 17DA62261CB8CDEE009070E6 /* ToolsCode.swift */; };
		17E287331CE96FC500B26CA6 /* BallViewController.swift in Sources */ = {isa = PBXBuildFile; fileRef = 17E287321CE96FC500B26CA6 /* BallViewController.swift */; };
		46290ED21CA2332F0028F1BF /* CirCleView.swift in Sources */ = {isa = PBXBuildFile; fileRef = 46290ED01CA2332F0028F1BF /* CirCleView.swift */; };
		46290ED31CA2332F0028F1BF /* CommonParameter.swift in Sources */ = {isa = PBXBuildFile; fileRef = 46290ED11CA2332F0028F1BF /* CommonParameter.swift */; };
		462BEDE81C8682E300E451E4 /* AppDelegate.swift in Sources */ = {isa = PBXBuildFile; fileRef = 462BEDE71C8682E300E451E4 /* AppDelegate.swift */; };
		462BEDEC1C8682E300E451E4 /* SecondViewController.swift in Sources */ = {isa = PBXBuildFile; fileRef = 462BEDEB1C8682E300E451E4 /* SecondViewController.swift */; };
		462BEDEF1C8682E300E451E4 /* Main.storyboard in Resources */ = {isa = PBXBuildFile; fileRef = 462BEDED1C8682E300E451E4 /* Main.storyboard */; };
		462BEDF11C8682E300E451E4 /* Assets.xcassets in Resources */ = {isa = PBXBuildFile; fileRef = 462BEDF01C8682E300E451E4 /* Assets.xcassets */; };
		462BEDF41C8682E300E451E4 /* LaunchScreen.storyboard in Resources */ = {isa = PBXBuildFile; fileRef = 462BEDF21C8682E300E451E4 /* LaunchScreen.storyboard */; };
		462BEDFF1C8682E300E451E4 /* SportsBallTests.swift in Sources */ = {isa = PBXBuildFile; fileRef = 462BEDFE1C8682E300E451E4 /* SportsBallTests.swift */; };
		462BEE0A1C8682E300E451E4 /* SportsBallUITests.swift in Sources */ = {isa = PBXBuildFile; fileRef = 462BEE091C8682E300E451E4 /* SportsBallUITests.swift */; };
		462BEE191C86861D00E451E4 /* StartViewController.swift in Sources */ = {isa = PBXBuildFile; fileRef = 462BEE171C86861D00E451E4 /* StartViewController.swift */; };
		462BEE1A1C86861D00E451E4 /* StartViewController.xib in Resources */ = {isa = PBXBuildFile; fileRef = 462BEE181C86861D00E451E4 /* StartViewController.xib */; };
		462BEE1D1C86958000E451E4 /* Other.swift in Sources */ = {isa = PBXBuildFile; fileRef = 462BEE1C1C86958000E451E4 /* Other.swift */; };
		462BEE1F1C86972A00E451E4 /* MainTabBarController.swift in Sources */ = {isa = PBXBuildFile; fileRef = 462BEE1E1C86972A00E451E4 /* MainTabBarController.swift */; };
		462BEE251C86C1C700E451E4 /* LoginViewController.swift in Sources */ = {isa = PBXBuildFile; fileRef = 462BEE231C86C1C700E451E4 /* LoginViewController.swift */; };
		462BEE261C86C1C700E451E4 /* LoginViewController.xib in Resources */ = {isa = PBXBuildFile; fileRef = 462BEE241C86C1C700E451E4 /* LoginViewController.xib */; };
		462BEE3B1C89276900E451E4 /* MainViewController.swift in Sources */ = {isa = PBXBuildFile; fileRef = 462BEE391C89276900E451E4 /* MainViewController.swift */; };
		462E11F91CB786BA00619A55 /* Bean_Questions.swift in Sources */ = {isa = PBXBuildFile; fileRef = 462E11F81CB786BA00619A55 /* Bean_Questions.swift */; };
		462EAD771CB8DF1F00B5D14F /* AboutController.swift in Sources */ = {isa = PBXBuildFile; fileRef = 462EAD761CB8DF1F00B5D14F /* AboutController.swift */; };
		463295DB1CBB7F46000EFEA9 /* BetList.swift in Sources */ = {isa = PBXBuildFile; fileRef = 463295DA1CBB7F46000EFEA9 /* BetList.swift */; };
		463295DD1CBB847A000EFEA9 /* BetInfo.swift in Sources */ = {isa = PBXBuildFile; fileRef = 463295DC1CBB847A000EFEA9 /* BetInfo.swift */; };
		463295DF1CBB8C4D000EFEA9 /* ShopingViewController.swift in Sources */ = {isa = PBXBuildFile; fileRef = 463295DE1CBB8C4D000EFEA9 /* ShopingViewController.swift */; };
		4635A90B1CA1350E00CFBBC8 /* ResultDelegate.swift in Sources */ = {isa = PBXBuildFile; fileRef = 4635A90A1CA1350E00CFBBC8 /* ResultDelegate.swift */; };
		463E26341CF2D97100CE6F01 /* NirKxMenu.m in Sources */ = {isa = PBXBuildFile; fileRef = 463E26331CF2D97100CE6F01 /* NirKxMenu.m */; };
		463EEB921CEAA99800708630 /* PayController.swift in Sources */ = {isa = PBXBuildFile; fileRef = 463EEB911CEAA99800708630 /* PayController.swift */; };
		4641573B1CD9909F00838F32 /* HelpController.swift in Sources */ = {isa = PBXBuildFile; fileRef = 4641573A1CD9909F00838F32 /* HelpController.swift */; };
		4641573D1CD9F0A900838F32 /* HTML in Resources */ = {isa = PBXBuildFile; fileRef = 4641573C1CD9F0A900838F32 /* HTML */; };
		464245DB1CB63EA900C77849 /* ProblemController.swift in Sources */ = {isa = PBXBuildFile; fileRef = 464245D91CB63EA900C77849 /* ProblemController.swift */; };
		464245DC1CB63EA900C77849 /* ProblemFeedbackViewController.swift in Sources */ = {isa = PBXBuildFile; fileRef = 464245DA1CB63EA900C77849 /* ProblemFeedbackViewController.swift */; };
		466B3C601CFD30A700944C1F /* Ionicons.swift in Sources */ = {isa = PBXBuildFile; fileRef = 466B3C5F1CFD30A700944C1F /* Ionicons.swift */; };
		466B3C621CFD318F00944C1F /* UIDropDown.swift in Sources */ = {isa = PBXBuildFile; fileRef = 466B3C611CFD318F00944C1F /* UIDropDown.swift */; };
		466B3C651CFD3E0800944C1F /* Md5+Extension..swift in Sources */ = {isa = PBXBuildFile; fileRef = 466B3C641CFD3E0800944C1F /* Md5+Extension..swift */; };
		466B3C681CFD5CF200944C1F /* Tool.swift in Sources */ = {isa = PBXBuildFile; fileRef = 466B3C671CFD5CF200944C1F /* Tool.swift */; };
		466B3C6A1CFD886C00944C1F /* UserInfo.swift in Sources */ = {isa = PBXBuildFile; fileRef = 466B3C691CFD886C00944C1F /* UserInfo.swift */; };
		46B9A02D1CEB1C1D006A5F4C /* Reachability.swift in Sources */ = {isa = PBXBuildFile; fileRef = 46B9A02C1CEB1C1D006A5F4C /* Reachability.swift */; };
		46C02DEC1C8E778D007F6A50 /* PersonalCenterView.swift in Sources */ = {isa = PBXBuildFile; fileRef = 46C02DEB1C8E778D007F6A50 /* PersonalCenterView.swift */; };
		46C02DEE1C8E780F007F6A50 /* ResultViewController.swift in Sources */ = {isa = PBXBuildFile; fileRef = 46C02DED1C8E780F007F6A50 /* ResultViewController.swift */; };
		46C02DF01C8E7844007F6A50 /* HistoryViewController.swift in Sources */ = {isa = PBXBuildFile; fileRef = 46C02DEF1C8E7844007F6A50 /* HistoryViewController.swift */; };
		46C02DF21C8E789F007F6A50 /* GameHelpViewController.swift in Sources */ = {isa = PBXBuildFile; fileRef = 46C02DF11C8E789F007F6A50 /* GameHelpViewController.swift */; };
		46DAE3851D02AF8B00789188 /* BetPara.swift in Sources */ = {isa = PBXBuildFile; fileRef = 46DAE3841D02AF8B00789188 /* BetPara.swift */; };
		46DC74021CEC0E8600604D9B /* PassShopingViewController.swift in Sources */ = {isa = PBXBuildFile; fileRef = 46DC74011CEC0E8600604D9B /* PassShopingViewController.swift */; };
/* End PBXBuildFile section */

/* Begin PBXContainerItemProxy section */
		462BEDFB1C8682E300E451E4 /* PBXContainerItemProxy */ = {
			isa = PBXContainerItemProxy;
			containerPortal = 462BEDDC1C8682E300E451E4 /* Project object */;
			proxyType = 1;
			remoteGlobalIDString = 462BEDE31C8682E300E451E4;
			remoteInfo = SportsBall;
		};
		462BEE061C8682E300E451E4 /* PBXContainerItemProxy */ = {
			isa = PBXContainerItemProxy;
			containerPortal = 462BEDDC1C8682E300E451E4 /* Project object */;
			proxyType = 1;
			remoteGlobalIDString = 462BEDE31C8682E300E451E4;
			remoteInfo = SportsBall;
		};
/* End PBXContainerItemProxy section */

/* Begin PBXFileReference section */
		170226D91CDC375D00EA6AF6 /* UnionCustomAlertView.xib */ = {isa = PBXFileReference; fileEncoding = 4; lastKnownFileType = file.xib; path = UnionCustomAlertView.xib; sourceTree = "<group>"; };
		170226DD1CDC46D000EA6AF6 /* UnionCustomAlertView.swift */ = {isa = PBXFileReference; fileEncoding = 4; lastKnownFileType = sourcecode.swift; path = UnionCustomAlertView.swift; sourceTree = "<group>"; };
		170226E11CE6B19E00EA6AF6 /* AllUnionVO.swift */ = {isa = PBXFileReference; fileEncoding = 4; lastKnownFileType = sourcecode.swift; path = AllUnionVO.swift; sourceTree = "<group>"; };
		1711E86D1CCF5431006FC5E7 /* BreakfastViewController.swift */ = {isa = PBXFileReference; fileEncoding = 4; lastKnownFileType = sourcecode.swift; path = BreakfastViewController.swift; sourceTree = "<group>"; };
		1779BA511CCEF6BD002A62DC /* Cell.swift */ = {isa = PBXFileReference; fileEncoding = 4; lastKnownFileType = sourcecode.swift; path = Cell.swift; sourceTree = "<group>"; };
		1779BA521CCEF6BD002A62DC /* Cell.xib */ = {isa = PBXFileReference; fileEncoding = 4; lastKnownFileType = file.xib; path = Cell.xib; sourceTree = "<group>"; };
		1779BA551CCEF707002A62DC /* BreakfastView.swift */ = {isa = PBXFileReference; fileEncoding = 4; lastKnownFileType = sourcecode.swift; path = BreakfastView.swift; sourceTree = "<group>"; };
		1779BA561CCEF707002A62DC /* BreakfastView.xib */ = {isa = PBXFileReference; fileEncoding = 4; lastKnownFileType = file.xib; path = BreakfastView.xib; sourceTree = "<group>"; };
		1779BA591CCEF8E3002A62DC /* TableView.swift */ = {isa = PBXFileReference; fileEncoding = 4; lastKnownFileType = sourcecode.swift; path = TableView.swift; sourceTree = "<group>"; };
		177D3F531CED603D00ED6875 /* OrderView.swift */ = {isa = PBXFileReference; fileEncoding = 4; lastKnownFileType = sourcecode.swift; path = OrderView.swift; sourceTree = "<group>"; };
		1782A61F1D05601900444075 /* FootballResultView.swift */ = {isa = PBXFileReference; fileEncoding = 4; lastKnownFileType = sourcecode.swift; path = FootballResultView.swift; sourceTree = "<group>"; };
		1782A6201D05601900444075 /* FootballResultView.xib */ = {isa = PBXFileReference; fileEncoding = 4; lastKnownFileType = file.xib; path = FootballResultView.xib; sourceTree = "<group>"; };
		1782A6231D05603000444075 /* BasktballResultView.swift */ = {isa = PBXFileReference; fileEncoding = 4; lastKnownFileType = sourcecode.swift; path = BasktballResultView.swift; sourceTree = "<group>"; };
		1782A6241D05603000444075 /* BasktballResultView.xib */ = {isa = PBXFileReference; fileEncoding = 4; lastKnownFileType = file.xib; path = BasktballResultView.xib; sourceTree = "<group>"; };
		1782A6271D06670E00444075 /* ResultTitleModel.swift */ = {isa = PBXFileReference; fileEncoding = 4; lastKnownFileType = sourcecode.swift; path = ResultTitleModel.swift; sourceTree = "<group>"; };
		1782A6291D06675500444075 /* ResultCellModel.swift */ = {isa = PBXFileReference; fileEncoding = 4; lastKnownFileType = sourcecode.swift; path = ResultCellModel.swift; sourceTree = "<group>"; };
		1782A62B1D066B6B00444075 /* ResultTitleInfo.swift */ = {isa = PBXFileReference; fileEncoding = 4; lastKnownFileType = sourcecode.swift; path = ResultTitleInfo.swift; sourceTree = "<group>"; };
		1798F2A11CEC406400D356D0 /* FluctuantView.swift */ = {isa = PBXFileReference; fileEncoding = 4; lastKnownFileType = sourcecode.swift; path = FluctuantView.swift; sourceTree = "<group>"; };
		1798F2A31CEC5C5F00D356D0 /* PassView.swift */ = {isa = PBXFileReference; fileEncoding = 4; lastKnownFileType = sourcecode.swift; path = PassView.swift; sourceTree = "<group>"; };
		179DBF631CEAAAD200CA0384 /* FluctuantView.xib */ = {isa = PBXFileReference; fileEncoding = 4; lastKnownFileType = file.xib; path = FluctuantView.xib; sourceTree = "<group>"; };
		179DBF651CEAC9FD00CA0384 /* FieldView.xib */ = {isa = PBXFileReference; fileEncoding = 4; lastKnownFileType = file.xib; path = FieldView.xib; sourceTree = "<group>"; };
		179DBF671CEAF50500CA0384 /* GoalsView.xib */ = {isa = PBXFileReference; fileEncoding = 4; lastKnownFileType = file.xib; path = GoalsView.xib; sourceTree = "<group>"; };
		179DBF691CEB048100CA0384 /* PassView.xib */ = {isa = PBXFileReference; fileEncoding = 4; lastKnownFileType = file.xib; path = PassView.xib; sourceTree = "<group>"; };
		17B181091CC6152800CF3054 /* CartButtonView.xib */ = {isa = PBXFileReference; fileEncoding = 4; lastKnownFileType = file.xib; path = CartButtonView.xib; sourceTree = "<group>"; };
		17B1810B1CC618EA00CF3054 /* CartButtonView.swift */ = {isa = PBXFileReference; fileEncoding = 4; lastKnownFileType = sourcecode.swift; path = CartButtonView.swift; sourceTree = "<group>"; };
		17B3445C1CC0903D002638FC /* HeaderView.swift */ = {isa = PBXFileReference; fileEncoding = 4; lastKnownFileType = sourcecode.swift; path = HeaderView.swift; sourceTree = "<group>"; };
		17B3445E1CC0906F002638FC /* HeaderView.xib */ = {isa = PBXFileReference; fileEncoding = 4; lastKnownFileType = file.xib; path = HeaderView.xib; sourceTree = "<group>"; };
		17C6EC051CD0BC8500DF71E1 /* SwiftNotice.swift */ = {isa = PBXFileReference; fileEncoding = 4; lastKnownFileType = sourcecode.swift; path = SwiftNotice.swift; sourceTree = "<group>"; };
		17C6EC081CD197F000DF71E1 /* RollViewController.swift */ = {isa = PBXFileReference; fileEncoding = 4; lastKnownFileType = sourcecode.swift; path = RollViewController.swift; sourceTree = "<group>"; };
		17C6EC0A1CD1982E00DF71E1 /* RollView.xib */ = {isa = PBXFileReference; fileEncoding = 4; lastKnownFileType = file.xib; path = RollView.xib; sourceTree = "<group>"; };
		17C6EC0C1CD1A57D00DF71E1 /* RollView.swift */ = {isa = PBXFileReference; fileEncoding = 4; lastKnownFileType = sourcecode.swift; path = RollView.swift; sourceTree = "<group>"; };
		17D751D11CEBFF7D00A52040 /* GoalsView.swift */ = {isa = PBXFileReference; fileEncoding = 4; lastKnownFileType = sourcecode.swift; path = GoalsView.swift; sourceTree = "<group>"; };
		17D751D31CEC07DB00A52040 /* FieldView.swift */ = {isa = PBXFileReference; fileEncoding = 4; lastKnownFileType = sourcecode.swift; path = FieldView.swift; sourceTree = "<group>"; };
		17D843C01D01710F00BD7170 /* OnlineUser.swift */ = {isa = PBXFileReference; fileEncoding = 4; lastKnownFileType = sourcecode.swift; path = OnlineUser.swift; sourceTree = "<group>"; };
		17DA62121CB8CDAF009070E6 /* SwiftCustomAlertView.swift */ = {isa = PBXFileReference; fileEncoding = 4; lastKnownFileType = sourcecode.swift; path = SwiftCustomAlertView.swift; sourceTree = "<group>"; };
		17DA62131CB8CDAF009070E6 /* SwiftCustomAlertView.xib */ = {isa = PBXFileReference; fileEncoding = 4; lastKnownFileType = file.xib; path = SwiftCustomAlertView.xib; sourceTree = "<group>"; };
		17DA62141CB8CDAF009070E6 /* UnionTitleView.swift */ = {isa = PBXFileReference; fileEncoding = 4; lastKnownFileType = sourcecode.swift; path = UnionTitleView.swift; sourceTree = "<group>"; };
		17DA62151CB8CDAF009070E6 /* UnionTitleView.xib */ = {isa = PBXFileReference; fileEncoding = 4; lastKnownFileType = file.xib; path = UnionTitleView.xib; sourceTree = "<group>"; };
		17DA621D1CB8CDDC009070E6 /* OrderCellModel.swift */ = {isa = PBXFileReference; fileEncoding = 4; lastKnownFileType = sourcecode.swift; path = OrderCellModel.swift; sourceTree = "<group>"; };
		17DA621E1CB8CDDC009070E6 /* UnionTitleInfo.swift */ = {isa = PBXFileReference; fileEncoding = 4; lastKnownFileType = sourcecode.swift; path = UnionTitleInfo.swift; sourceTree = "<group>"; };
		17DA621F1CB8CDDC009070E6 /* UnionTitleModel.swift */ = {isa = PBXFileReference; fileEncoding = 4; lastKnownFileType = sourcecode.swift; path = UnionTitleModel.swift; sourceTree = "<group>"; };
		17DA62201CB8CDDC009070E6 /* UnionTitleVO.swift */ = {isa = PBXFileReference; fileEncoding = 4; lastKnownFileType = sourcecode.swift; path = UnionTitleVO.swift; sourceTree = "<group>"; };
		17DA62261CB8CDEE009070E6 /* ToolsCode.swift */ = {isa = PBXFileReference; fileEncoding = 4; lastKnownFileType = sourcecode.swift; path = ToolsCode.swift; sourceTree = "<group>"; };
		17E287321CE96FC500B26CA6 /* BallViewController.swift */ = {isa = PBXFileReference; fileEncoding = 4; lastKnownFileType = sourcecode.swift; path = BallViewController.swift; sourceTree = "<group>"; };
		46290ED01CA2332F0028F1BF /* CirCleView.swift */ = {isa = PBXFileReference; fileEncoding = 4; lastKnownFileType = sourcecode.swift; path = CirCleView.swift; sourceTree = "<group>"; };
		46290ED11CA2332F0028F1BF /* CommonParameter.swift */ = {isa = PBXFileReference; fileEncoding = 4; lastKnownFileType = sourcecode.swift; path = CommonParameter.swift; sourceTree = "<group>"; };
		462BEDE41C8682E300E451E4 /* SportsBall.app */ = {isa = PBXFileReference; explicitFileType = wrapper.application; includeInIndex = 0; path = SportsBall.app; sourceTree = BUILT_PRODUCTS_DIR; };
		462BEDE71C8682E300E451E4 /* AppDelegate.swift */ = {isa = PBXFileReference; lastKnownFileType = sourcecode.swift; path = AppDelegate.swift; sourceTree = "<group>"; };
		462BEDEB1C8682E300E451E4 /* SecondViewController.swift */ = {isa = PBXFileReference; lastKnownFileType = sourcecode.swift; path = SecondViewController.swift; sourceTree = "<group>"; };
		462BEDEE1C8682E300E451E4 /* Base */ = {isa = PBXFileReference; lastKnownFileType = file.storyboard; name = Base; path = Base.lproj/Main.storyboard; sourceTree = "<group>"; };
		462BEDF01C8682E300E451E4 /* Assets.xcassets */ = {isa = PBXFileReference; lastKnownFileType = folder.assetcatalog; path = Assets.xcassets; sourceTree = "<group>"; };
		462BEDF31C8682E300E451E4 /* Base */ = {isa = PBXFileReference; lastKnownFileType = file.storyboard; name = Base; path = Base.lproj/LaunchScreen.storyboard; sourceTree = "<group>"; };
		462BEDF51C8682E300E451E4 /* Info.plist */ = {isa = PBXFileReference; lastKnownFileType = text.plist.xml; path = Info.plist; sourceTree = "<group>"; };
		462BEDFA1C8682E300E451E4 /* SportsBallTests.xctest */ = {isa = PBXFileReference; explicitFileType = wrapper.cfbundle; includeInIndex = 0; path = SportsBallTests.xctest; sourceTree = BUILT_PRODUCTS_DIR; };
		462BEDFE1C8682E300E451E4 /* SportsBallTests.swift */ = {isa = PBXFileReference; lastKnownFileType = sourcecode.swift; path = SportsBallTests.swift; sourceTree = "<group>"; };
		462BEE001C8682E300E451E4 /* Info.plist */ = {isa = PBXFileReference; lastKnownFileType = text.plist.xml; path = Info.plist; sourceTree = "<group>"; };
		462BEE051C8682E300E451E4 /* SportsBallUITests.xctest */ = {isa = PBXFileReference; explicitFileType = wrapper.cfbundle; includeInIndex = 0; path = SportsBallUITests.xctest; sourceTree = BUILT_PRODUCTS_DIR; };
		462BEE091C8682E300E451E4 /* SportsBallUITests.swift */ = {isa = PBXFileReference; lastKnownFileType = sourcecode.swift; path = SportsBallUITests.swift; sourceTree = "<group>"; };
		462BEE0B1C8682E300E451E4 /* Info.plist */ = {isa = PBXFileReference; lastKnownFileType = text.plist.xml; path = Info.plist; sourceTree = "<group>"; };
		462BEE171C86861D00E451E4 /* StartViewController.swift */ = {isa = PBXFileReference; fileEncoding = 4; lastKnownFileType = sourcecode.swift; path = StartViewController.swift; sourceTree = "<group>"; };
		462BEE181C86861D00E451E4 /* StartViewController.xib */ = {isa = PBXFileReference; fileEncoding = 4; lastKnownFileType = file.xib; path = StartViewController.xib; sourceTree = "<group>"; };
		462BEE1C1C86958000E451E4 /* Other.swift */ = {isa = PBXFileReference; fileEncoding = 4; lastKnownFileType = sourcecode.swift; path = Other.swift; sourceTree = "<group>"; };
		462BEE1E1C86972A00E451E4 /* MainTabBarController.swift */ = {isa = PBXFileReference; fileEncoding = 4; lastKnownFileType = sourcecode.swift; path = MainTabBarController.swift; sourceTree = "<group>"; };
		462BEE231C86C1C700E451E4 /* LoginViewController.swift */ = {isa = PBXFileReference; fileEncoding = 4; lastKnownFileType = sourcecode.swift; path = LoginViewController.swift; sourceTree = "<group>"; };
		462BEE241C86C1C700E451E4 /* LoginViewController.xib */ = {isa = PBXFileReference; fileEncoding = 4; lastKnownFileType = file.xib; path = LoginViewController.xib; sourceTree = "<group>"; };
		462BEE391C89276900E451E4 /* MainViewController.swift */ = {isa = PBXFileReference; fileEncoding = 4; lastKnownFileType = sourcecode.swift; path = MainViewController.swift; sourceTree = "<group>"; };
		462E11F81CB786BA00619A55 /* Bean_Questions.swift */ = {isa = PBXFileReference; fileEncoding = 4; lastKnownFileType = sourcecode.swift; path = Bean_Questions.swift; sourceTree = "<group>"; };
		462EAD761CB8DF1F00B5D14F /* AboutController.swift */ = {isa = PBXFileReference; fileEncoding = 4; lastKnownFileType = sourcecode.swift; path = AboutController.swift; sourceTree = "<group>"; };
		463295DA1CBB7F46000EFEA9 /* BetList.swift */ = {isa = PBXFileReference; fileEncoding = 4; lastKnownFileType = sourcecode.swift; path = BetList.swift; sourceTree = "<group>"; };
		463295DC1CBB847A000EFEA9 /* BetInfo.swift */ = {isa = PBXFileReference; fileEncoding = 4; lastKnownFileType = sourcecode.swift; path = BetInfo.swift; sourceTree = "<group>"; };
		463295DE1CBB8C4D000EFEA9 /* ShopingViewController.swift */ = {isa = PBXFileReference; fileEncoding = 4; lastKnownFileType = sourcecode.swift; path = ShopingViewController.swift; sourceTree = "<group>"; };
		4635A90A1CA1350E00CFBBC8 /* ResultDelegate.swift */ = {isa = PBXFileReference; fileEncoding = 4; lastKnownFileType = sourcecode.swift; path = ResultDelegate.swift; sourceTree = "<group>"; };
		463E26311CF2D97100CE6F01 /* SportsBall-Bridging-Header.h */ = {isa = PBXFileReference; lastKnownFileType = sourcecode.c.h; path = "SportsBall-Bridging-Header.h"; sourceTree = "<group>"; };
		463E26321CF2D97100CE6F01 /* NirKxMenu.h */ = {isa = PBXFileReference; fileEncoding = 4; lastKnownFileType = sourcecode.c.h; path = NirKxMenu.h; sourceTree = "<group>"; };
		463E26331CF2D97100CE6F01 /* NirKxMenu.m */ = {isa = PBXFileReference; fileEncoding = 4; lastKnownFileType = sourcecode.c.objc; path = NirKxMenu.m; sourceTree = "<group>"; };
		463EEB911CEAA99800708630 /* PayController.swift */ = {isa = PBXFileReference; fileEncoding = 4; lastKnownFileType = sourcecode.swift; path = PayController.swift; sourceTree = "<group>"; };
		4641573A1CD9909F00838F32 /* HelpController.swift */ = {isa = PBXFileReference; fileEncoding = 4; lastKnownFileType = sourcecode.swift; path = HelpController.swift; sourceTree = "<group>"; };
		4641573C1CD9F0A900838F32 /* HTML */ = {isa = PBXFileReference; lastKnownFileType = folder; path = HTML; sourceTree = "<group>"; };
		464245D91CB63EA900C77849 /* ProblemController.swift */ = {isa = PBXFileReference; fileEncoding = 4; lastKnownFileType = sourcecode.swift; path = ProblemController.swift; sourceTree = "<group>"; };
		464245DA1CB63EA900C77849 /* ProblemFeedbackViewController.swift */ = {isa = PBXFileReference; fileEncoding = 4; lastKnownFileType = sourcecode.swift; path = ProblemFeedbackViewController.swift; sourceTree = "<group>"; };
		466B3C5F1CFD30A700944C1F /* Ionicons.swift */ = {isa = PBXFileReference; fileEncoding = 4; lastKnownFileType = sourcecode.swift; path = Ionicons.swift; sourceTree = "<group>"; };
		466B3C611CFD318F00944C1F /* UIDropDown.swift */ = {isa = PBXFileReference; fileEncoding = 4; lastKnownFileType = sourcecode.swift; path = UIDropDown.swift; sourceTree = "<group>"; };
		466B3C641CFD3E0800944C1F /* Md5+Extension..swift */ = {isa = PBXFileReference; fileEncoding = 4; lastKnownFileType = sourcecode.swift; path = "Md5+Extension..swift"; sourceTree = "<group>"; };
		466B3C671CFD5CF200944C1F /* Tool.swift */ = {isa = PBXFileReference; fileEncoding = 4; lastKnownFileType = sourcecode.swift; path = Tool.swift; sourceTree = "<group>"; };
		466B3C691CFD886C00944C1F /* UserInfo.swift */ = {isa = PBXFileReference; fileEncoding = 4; lastKnownFileType = sourcecode.swift; path = UserInfo.swift; sourceTree = "<group>"; };
		46B9A02C1CEB1C1D006A5F4C /* Reachability.swift */ = {isa = PBXFileReference; fileEncoding = 4; lastKnownFileType = sourcecode.swift; path = Reachability.swift; sourceTree = "<group>"; };
		46C02DEB1C8E778D007F6A50 /* PersonalCenterView.swift */ = {isa = PBXFileReference; fileEncoding = 4; lastKnownFileType = sourcecode.swift; path = PersonalCenterView.swift; sourceTree = "<group>"; };
		46C02DED1C8E780F007F6A50 /* ResultViewController.swift */ = {isa = PBXFileReference; fileEncoding = 4; lastKnownFileType = sourcecode.swift; path = ResultViewController.swift; sourceTree = "<group>"; };
		46C02DEF1C8E7844007F6A50 /* HistoryViewController.swift */ = {isa = PBXFileReference; fileEncoding = 4; lastKnownFileType = sourcecode.swift; path = HistoryViewController.swift; sourceTree = "<group>"; };
		46C02DF11C8E789F007F6A50 /* GameHelpViewController.swift */ = {isa = PBXFileReference; fileEncoding = 4; lastKnownFileType = sourcecode.swift; path = GameHelpViewController.swift; sourceTree = "<group>"; };
		46DAE3841D02AF8B00789188 /* BetPara.swift */ = {isa = PBXFileReference; fileEncoding = 4; lastKnownFileType = sourcecode.swift; path = BetPara.swift; sourceTree = "<group>"; };
		46DC74011CEC0E8600604D9B /* PassShopingViewController.swift */ = {isa = PBXFileReference; fileEncoding = 4; lastKnownFileType = sourcecode.swift; path = PassShopingViewController.swift; sourceTree = "<group>"; };
/* End PBXFileReference section */

/* Begin PBXFrameworksBuildPhase section */
		462BEDE11C8682E300E451E4 /* Frameworks */ = {
			isa = PBXFrameworksBuildPhase;
			buildActionMask = 2147483647;
			files = (
			);
			runOnlyForDeploymentPostprocessing = 0;
		};
		462BEDF71C8682E300E451E4 /* Frameworks */ = {
			isa = PBXFrameworksBuildPhase;
			buildActionMask = 2147483647;
			files = (
			);
			runOnlyForDeploymentPostprocessing = 0;
		};
		462BEE021C8682E300E451E4 /* Frameworks */ = {
			isa = PBXFrameworksBuildPhase;
			buildActionMask = 2147483647;
			files = (
			);
			runOnlyForDeploymentPostprocessing = 0;
		};
/* End PBXFrameworksBuildPhase section */

/* Begin PBXGroup section */
		175171CB1D0501690056AD4B /* view */ = {
			isa = PBXGroup;
			children = (
				1782A6201D05601900444075 /* FootballResultView.xib */,
				1782A61F1D05601900444075 /* FootballResultView.swift */,
				1782A6241D05603000444075 /* BasktballResultView.xib */,
				1782A6231D05603000444075 /* BasktballResultView.swift */,
			);
			name = view;
			sourceTree = "<group>";
		};
		1779BA491CCEF38F002A62DC /* match */ = {
			isa = PBXGroup;
			children = (
				17E287321CE96FC500B26CA6 /* BallViewController.swift */,
				17C6EC051CD0BC8500DF71E1 /* SwiftNotice.swift */,
				177D3F531CED603D00ED6875 /* OrderView.swift */,
				170226E11CE6B19E00EA6AF6 /* AllUnionVO.swift */,
				17D843C01D01710F00BD7170 /* OnlineUser.swift */,
				17DA62131CB8CDAF009070E6 /* SwiftCustomAlertView.xib */,
				17DA62121CB8CDAF009070E6 /* SwiftCustomAlertView.swift */,
				170226D91CDC375D00EA6AF6 /* UnionCustomAlertView.xib */,
				170226DD1CDC46D000EA6AF6 /* UnionCustomAlertView.swift */,
				175171CB1D0501690056AD4B /* view */,
				17B3445A1CC08F91002638FC /* header */,
				1779BA4B1CCEF3F2002A62DC /* football */,
				17C6EC071CD196CF00DF71E1 /* basketball */,
			);
			name = match;
			sourceTree = "<group>";
		};
		1779BA4A1CCEF3C3002A62DC /* tools */ = {
			isa = PBXGroup;
			children = (
				17DA62261CB8CDEE009070E6 /* ToolsCode.swift */,
			);
			name = tools;
			sourceTree = "<group>";
		};
		1779BA4B1CCEF3F2002A62DC /* football */ = {
			isa = PBXGroup;
			children = (
				1711E86D1CCF5431006FC5E7 /* BreakfastViewController.swift */,
				1779BA561CCEF707002A62DC /* BreakfastView.xib */,
				1779BA551CCEF707002A62DC /* BreakfastView.swift */,
				179DBF631CEAAAD200CA0384 /* FluctuantView.xib */,
				1798F2A11CEC406400D356D0 /* FluctuantView.swift */,
				179DBF651CEAC9FD00CA0384 /* FieldView.xib */,
				17D751D31CEC07DB00A52040 /* FieldView.swift */,
				179DBF671CEAF50500CA0384 /* GoalsView.xib */,
				17D751D11CEBFF7D00A52040 /* GoalsView.swift */,
				179DBF691CEB048100CA0384 /* PassView.xib */,
				1798F2A31CEC5C5F00D356D0 /* PassView.swift */,
			);
			name = football;
			sourceTree = "<group>";
		};
		1779BA4E1CCEF445002A62DC /* tableview */ = {
			isa = PBXGroup;
			children = (
				1779BA591CCEF8E3002A62DC /* TableView.swift */,
				1779BA4F1CCEF452002A62DC /* header */,
				1779BA501CCEF45E002A62DC /* cell */,
			);
			name = tableview;
			sourceTree = "<group>";
		};
		1779BA4F1CCEF452002A62DC /* header */ = {
			isa = PBXGroup;
			children = (
				17DA62151CB8CDAF009070E6 /* UnionTitleView.xib */,
				17DA62141CB8CDAF009070E6 /* UnionTitleView.swift */,
			);
			name = header;
			sourceTree = "<group>";
		};
		1779BA501CCEF45E002A62DC /* cell */ = {
			isa = PBXGroup;
			children = (
				1779BA521CCEF6BD002A62DC /* Cell.xib */,
				1779BA511CCEF6BD002A62DC /* Cell.swift */,
			);
			name = cell;
			sourceTree = "<group>";
		};
		17B3445A1CC08F91002638FC /* header */ = {
			isa = PBXGroup;
			children = (
				17B3445B1CC08FA8002638FC /* view */,
				1779BA4A1CCEF3C3002A62DC /* tools */,
			);
			name = header;
			sourceTree = "<group>";
		};
		17B3445B1CC08FA8002638FC /* view */ = {
			isa = PBXGroup;
			children = (
				17B3445E1CC0906F002638FC /* HeaderView.xib */,
				17B3445C1CC0903D002638FC /* HeaderView.swift */,
				17B181091CC6152800CF3054 /* CartButtonView.xib */,
				17B1810B1CC618EA00CF3054 /* CartButtonView.swift */,
			);
			name = view;
			sourceTree = "<group>";
		};
		17C6EC071CD196CF00DF71E1 /* basketball */ = {
			isa = PBXGroup;
			children = (
				17C6EC081CD197F000DF71E1 /* RollViewController.swift */,
				17C6EC0A1CD1982E00DF71E1 /* RollView.xib */,
				17C6EC0C1CD1A57D00DF71E1 /* RollView.swift */,
			);
			name = basketball;
			sourceTree = "<group>";
		};
		17DA620C1CB8CC61009070E6 /* Roll */ = {
			isa = PBXGroup;
			children = (
				17DA620F1CB8CC7A009070E6 /* Model */,
			);
			name = Roll;
			sourceTree = "<group>";
		};
		17DA620F1CB8CC7A009070E6 /* Model */ = {
			isa = PBXGroup;
			children = (
				17DA621D1CB8CDDC009070E6 /* OrderCellModel.swift */,
				17DA621E1CB8CDDC009070E6 /* UnionTitleInfo.swift */,
				17DA621F1CB8CDDC009070E6 /* UnionTitleModel.swift */,
				17DA62201CB8CDDC009070E6 /* UnionTitleVO.swift */,
				1782A6271D06670E00444075 /* ResultTitleModel.swift */,
				1782A6291D06675500444075 /* ResultCellModel.swift */,
				1782A62B1D066B6B00444075 /* ResultTitleInfo.swift */,
			);
			name = Model;
			sourceTree = "<group>";
		};
		462BEDDB1C8682E300E451E4 = {
			isa = PBXGroup;
			children = (
				463E26301CF2D88500CE6F01 /* OC */,
				462BEDE61C8682E300E451E4 /* SportsBall */,
				462BEDFD1C8682E300E451E4 /* SportsBallTests */,
				462BEE081C8682E300E451E4 /* SportsBallUITests */,
				462BEDE51C8682E300E451E4 /* Products */,
			);
			sourceTree = "<group>";
		};
		462BEDE51C8682E300E451E4 /* Products */ = {
			isa = PBXGroup;
			children = (
				462BEDE41C8682E300E451E4 /* SportsBall.app */,
				462BEDFA1C8682E300E451E4 /* SportsBallTests.xctest */,
				462BEE051C8682E300E451E4 /* SportsBallUITests.xctest */,
			);
			name = Products;
			sourceTree = "<group>";
		};
		462BEDE61C8682E300E451E4 /* SportsBall */ = {
			isa = PBXGroup;
			children = (
				466B3C661CFD5CCB00944C1F /* Tool */,
				466B3C631CFD3D8E00944C1F /* Extension */,
				466B3C581CFD2F4D00944C1F /* UIDropDown */,
				4641573C1CD9F0A900838F32 /* HTML */,
				1779BA491CCEF38F002A62DC /* match */,
				1779BA4E1CCEF445002A62DC /* tableview */,
				17DA620C1CB8CC61009070E6 /* Roll */,
				462E11F51CB75C6200619A55 /* Mode */,
				462BEE291C881B8700E451E4 /* Common */,
				462BEE201C86BF0E00E451E4 /* Class */,
				462BEE1B1C86955800E451E4 /* Other */,
				462BEDE71C8682E300E451E4 /* AppDelegate.swift */,
				462BEE1E1C86972A00E451E4 /* MainTabBarController.swift */,
				462BEDEB1C8682E300E451E4 /* SecondViewController.swift */,
				462BEDED1C8682E300E451E4 /* Main.storyboard */,
				462BEDF01C8682E300E451E4 /* Assets.xcassets */,
				462BEDF21C8682E300E451E4 /* LaunchScreen.storyboard */,
				462BEDF51C8682E300E451E4 /* Info.plist */,
				462BEE171C86861D00E451E4 /* StartViewController.swift */,
				462BEE181C86861D00E451E4 /* StartViewController.xib */,
			);
			path = SportsBall;
			sourceTree = "<group>";
		};
		462BEDFD1C8682E300E451E4 /* SportsBallTests */ = {
			isa = PBXGroup;
			children = (
				462BEDFE1C8682E300E451E4 /* SportsBallTests.swift */,
				462BEE001C8682E300E451E4 /* Info.plist */,
			);
			path = SportsBallTests;
			sourceTree = "<group>";
		};
		462BEE081C8682E300E451E4 /* SportsBallUITests */ = {
			isa = PBXGroup;
			children = (
				462BEE091C8682E300E451E4 /* SportsBallUITests.swift */,
				462BEE0B1C8682E300E451E4 /* Info.plist */,
			);
			path = SportsBallUITests;
			sourceTree = "<group>";
		};
		462BEE1B1C86955800E451E4 /* Other */ = {
			isa = PBXGroup;
			children = (
				462BEE1C1C86958000E451E4 /* Other.swift */,
			);
			name = Other;
			sourceTree = "<group>";
		};
		462BEE201C86BF0E00E451E4 /* Class */ = {
			isa = PBXGroup;
			children = (
				464245D91CB63EA900C77849 /* ProblemController.swift */,
				464245DA1CB63EA900C77849 /* ProblemFeedbackViewController.swift */,
				462BEE231C86C1C700E451E4 /* LoginViewController.swift */,
				462BEE241C86C1C700E451E4 /* LoginViewController.xib */,
				462BEE391C89276900E451E4 /* MainViewController.swift */,
				46C02DEB1C8E778D007F6A50 /* PersonalCenterView.swift */,
				46C02DED1C8E780F007F6A50 /* ResultViewController.swift */,
				46C02DEF1C8E7844007F6A50 /* HistoryViewController.swift */,
				46C02DF11C8E789F007F6A50 /* GameHelpViewController.swift */,
				462EAD761CB8DF1F00B5D14F /* AboutController.swift */,
				463295DE1CBB8C4D000EFEA9 /* ShopingViewController.swift */,
				4641573A1CD9909F00838F32 /* HelpController.swift */,
				463EEB911CEAA99800708630 /* PayController.swift */,
				46DC74011CEC0E8600604D9B /* PassShopingViewController.swift */,
			);
			name = Class;
			sourceTree = "<group>";
		};
		462BEE291C881B8700E451E4 /* Common */ = {
			isa = PBXGroup;
			children = (
				46290ED01CA2332F0028F1BF /* CirCleView.swift */,
				46290ED11CA2332F0028F1BF /* CommonParameter.swift */,
				4635A90A1CA1350E00CFBBC8 /* ResultDelegate.swift */,
				46B9A02C1CEB1C1D006A5F4C /* Reachability.swift */,
			);
			name = Common;
			sourceTree = "<group>";
		};
		462E11F51CB75C6200619A55 /* Mode */ = {
			isa = PBXGroup;
			children = (
				463295DC1CBB847A000EFEA9 /* BetInfo.swift */,
				463295DA1CBB7F46000EFEA9 /* BetList.swift */,
				462E11F81CB786BA00619A55 /* Bean_Questions.swift */,
				466B3C691CFD886C00944C1F /* UserInfo.swift */,
				46DAE3841D02AF8B00789188 /* BetPara.swift */,
			);
			name = Mode;
			sourceTree = "<group>";
		};
		463E26301CF2D88500CE6F01 /* OC */ = {
			isa = PBXGroup;
			children = (
				463E26321CF2D97100CE6F01 /* NirKxMenu.h */,
				463E26331CF2D97100CE6F01 /* NirKxMenu.m */,
				463E26311CF2D97100CE6F01 /* SportsBall-Bridging-Header.h */,
			);
			name = OC;
			sourceTree = "<group>";
		};
		466B3C581CFD2F4D00944C1F /* UIDropDown */ = {
			isa = PBXGroup;
			children = (
				466B3C5F1CFD30A700944C1F /* Ionicons.swift */,
				466B3C611CFD318F00944C1F /* UIDropDown.swift */,
			);
			name = UIDropDown;
			sourceTree = "<group>";
		};
		466B3C631CFD3D8E00944C1F /* Extension */ = {
			isa = PBXGroup;
			children = (
				466B3C641CFD3E0800944C1F /* Md5+Extension..swift */,
			);
			name = Extension;
			sourceTree = "<group>";
		};
		466B3C661CFD5CCB00944C1F /* Tool */ = {
			isa = PBXGroup;
			children = (
				466B3C671CFD5CF200944C1F /* Tool.swift */,
			);
			name = Tool;
			sourceTree = "<group>";
		};
/* End PBXGroup section */

/* Begin PBXNativeTarget section */
		462BEDE31C8682E300E451E4 /* SportsBall */ = {
			isa = PBXNativeTarget;
			buildConfigurationList = 462BEE0E1C8682E300E451E4 /* Build configuration list for PBXNativeTarget "SportsBall" */;
			buildPhases = (
				462BEDE01C8682E300E451E4 /* Sources */,
				462BEDE11C8682E300E451E4 /* Frameworks */,
				462BEDE21C8682E300E451E4 /* Resources */,
			);
			buildRules = (
			);
			dependencies = (
			);
			name = SportsBall;
			productName = SportsBall;
			productReference = 462BEDE41C8682E300E451E4 /* SportsBall.app */;
			productType = "com.apple.product-type.application";
		};
		462BEDF91C8682E300E451E4 /* SportsBallTests */ = {
			isa = PBXNativeTarget;
			buildConfigurationList = 462BEE111C8682E300E451E4 /* Build configuration list for PBXNativeTarget "SportsBallTests" */;
			buildPhases = (
				462BEDF61C8682E300E451E4 /* Sources */,
				462BEDF71C8682E300E451E4 /* Frameworks */,
				462BEDF81C8682E300E451E4 /* Resources */,
			);
			buildRules = (
			);
			dependencies = (
				462BEDFC1C8682E300E451E4 /* PBXTargetDependency */,
			);
			name = SportsBallTests;
			productName = SportsBallTests;
			productReference = 462BEDFA1C8682E300E451E4 /* SportsBallTests.xctest */;
			productType = "com.apple.product-type.bundle.unit-test";
		};
		462BEE041C8682E300E451E4 /* SportsBallUITests */ = {
			isa = PBXNativeTarget;
			buildConfigurationList = 462BEE141C8682E300E451E4 /* Build configuration list for PBXNativeTarget "SportsBallUITests" */;
			buildPhases = (
				462BEE011C8682E300E451E4 /* Sources */,
				462BEE021C8682E300E451E4 /* Frameworks */,
				462BEE031C8682E300E451E4 /* Resources */,
			);
			buildRules = (
			);
			dependencies = (
				462BEE071C8682E300E451E4 /* PBXTargetDependency */,
			);
			name = SportsBallUITests;
			productName = SportsBallUITests;
			productReference = 462BEE051C8682E300E451E4 /* SportsBallUITests.xctest */;
			productType = "com.apple.product-type.bundle.ui-testing";
		};
/* End PBXNativeTarget section */

/* Begin PBXProject section */
		462BEDDC1C8682E300E451E4 /* Project object */ = {
			isa = PBXProject;
			attributes = {
				LastSwiftUpdateCheck = 0720;
				LastUpgradeCheck = 0720;
				ORGANIZATIONNAME = "abel jing";
				TargetAttributes = {
					462BEDE31C8682E300E451E4 = {
						CreatedOnToolsVersion = 7.2;
					};
					462BEDF91C8682E300E451E4 = {
						CreatedOnToolsVersion = 7.2;
						TestTargetID = 462BEDE31C8682E300E451E4;
					};
					462BEE041C8682E300E451E4 = {
						CreatedOnToolsVersion = 7.2;
						TestTargetID = 462BEDE31C8682E300E451E4;
					};
				};
			};
			buildConfigurationList = 462BEDDF1C8682E300E451E4 /* Build configuration list for PBXProject "SportsBall" */;
			compatibilityVersion = "Xcode 3.2";
			developmentRegion = English;
			hasScannedForEncodings = 0;
			knownRegions = (
				en,
				Base,
			);
			mainGroup = 462BEDDB1C8682E300E451E4;
			productRefGroup = 462BEDE51C8682E300E451E4 /* Products */;
			projectDirPath = "";
			projectRoot = "";
			targets = (
				462BEDE31C8682E300E451E4 /* SportsBall */,
				462BEDF91C8682E300E451E4 /* SportsBallTests */,
				462BEE041C8682E300E451E4 /* SportsBallUITests */,
			);
		};
/* End PBXProject section */

/* Begin PBXResourcesBuildPhase section */
		462BEDE21C8682E300E451E4 /* Resources */ = {
			isa = PBXResourcesBuildPhase;
			buildActionMask = 2147483647;
			files = (
				170226DA1CDC375D00EA6AF6 /* UnionCustomAlertView.xib in Resources */,
				462BEE261C86C1C700E451E4 /* LoginViewController.xib in Resources */,
				179DBF681CEAF50500CA0384 /* GoalsView.xib in Resources */,
				1779BA541CCEF6BD002A62DC /* Cell.xib in Resources */,
				17B3445F1CC0906F002638FC /* HeaderView.xib in Resources */,
				17B1810A1CC6152800CF3054 /* CartButtonView.xib in Resources */,
				4641573D1CD9F0A900838F32 /* HTML in Resources */,
				462BEDF41C8682E300E451E4 /* LaunchScreen.storyboard in Resources */,
				462BEE1A1C86861D00E451E4 /* StartViewController.xib in Resources */,
				179DBF641CEAAAD200CA0384 /* FluctuantView.xib in Resources */,
				1782A6261D05603000444075 /* BasktballResultView.xib in Resources */,
				1782A6221D05601900444075 /* FootballResultView.xib in Resources */,
				179DBF661CEAC9FD00CA0384 /* FieldView.xib in Resources */,
				17DA62191CB8CDAF009070E6 /* SwiftCustomAlertView.xib in Resources */,
				17DA621B1CB8CDAF009070E6 /* UnionTitleView.xib in Resources */,
				1779BA581CCEF707002A62DC /* BreakfastView.xib in Resources */,
				462BEDF11C8682E300E451E4 /* Assets.xcassets in Resources */,
				462BEDEF1C8682E300E451E4 /* Main.storyboard in Resources */,
				17C6EC0B1CD1982E00DF71E1 /* RollView.xib in Resources */,
				179DBF6A1CEB048100CA0384 /* PassView.xib in Resources */,
			);
			runOnlyForDeploymentPostprocessing = 0;
		};
		462BEDF81C8682E300E451E4 /* Resources */ = {
			isa = PBXResourcesBuildPhase;
			buildActionMask = 2147483647;
			files = (
			);
			runOnlyForDeploymentPostprocessing = 0;
		};
		462BEE031C8682E300E451E4 /* Resources */ = {
			isa = PBXResourcesBuildPhase;
			buildActionMask = 2147483647;
			files = (
			);
			runOnlyForDeploymentPostprocessing = 0;
		};
/* End PBXResourcesBuildPhase section */

/* Begin PBXSourcesBuildPhase section */
		462BEDE01C8682E300E451E4 /* Sources */ = {
			isa = PBXSourcesBuildPhase;
			buildActionMask = 2147483647;
			files = (
				1711E86E1CCF5431006FC5E7 /* BreakfastViewController.swift in Sources */,
				463295DD1CBB847A000EFEA9 /* BetInfo.swift in Sources */,
				4641573B1CD9909F00838F32 /* HelpController.swift in Sources */,
				466B3C681CFD5CF200944C1F /* Tool.swift in Sources */,
				466B3C601CFD30A700944C1F /* Ionicons.swift in Sources */,
				46DC74021CEC0E8600604D9B /* PassShopingViewController.swift in Sources */,
				462BEE3B1C89276900E451E4 /* MainViewController.swift in Sources */,
				17D843C11D01710F00BD7170 /* OnlineUser.swift in Sources */,
				1779BA531CCEF6BD002A62DC /* Cell.swift in Sources */,
				1779BA5A1CCEF8E3002A62DC /* TableView.swift in Sources */,
				17DA62271CB8CDEE009070E6 /* ToolsCode.swift in Sources */,
				1782A6251D05603000444075 /* BasktballResultView.swift in Sources */,
				1779BA571CCEF707002A62DC /* BreakfastView.swift in Sources */,
				46290ED21CA2332F0028F1BF /* CirCleView.swift in Sources */,
				466B3C6A1CFD886C00944C1F /* UserInfo.swift in Sources */,
				46C02DF21C8E789F007F6A50 /* GameHelpViewController.swift in Sources */,
				46C02DEE1C8E780F007F6A50 /* ResultViewController.swift in Sources */,
				17B1810C1CC618EA00CF3054 /* CartButtonView.swift in Sources */,
				46B9A02D1CEB1C1D006A5F4C /* Reachability.swift in Sources */,
				17B3445D1CC0903D002638FC /* HeaderView.swift in Sources */,
				464245DC1CB63EA900C77849 /* ProblemFeedbackViewController.swift in Sources */,
				463295DB1CBB7F46000EFEA9 /* BetList.swift in Sources */,
				17D751D21CEBFF7D00A52040 /* GoalsView.swift in Sources */,
				17D751D41CEC07DB00A52040 /* FieldView.swift in Sources */,
				462BEE251C86C1C700E451E4 /* LoginViewController.swift in Sources */,
				17DA62231CB8CDDC009070E6 /* UnionTitleInfo.swift in Sources */,
				46C02DEC1C8E778D007F6A50 /* PersonalCenterView.swift in Sources */,
				463295DF1CBB8C4D000EFEA9 /* ShopingViewController.swift in Sources */,
				462BEDEC1C8682E300E451E4 /* SecondViewController.swift in Sources */,
				462BEE191C86861D00E451E4 /* StartViewController.swift in Sources */,
				4635A90B1CA1350E00CFBBC8 /* ResultDelegate.swift in Sources */,
				462BEE1F1C86972A00E451E4 /* MainTabBarController.swift in Sources */,
				1782A6281D06670E00444075 /* ResultTitleModel.swift in Sources */,
				46290ED31CA2332F0028F1BF /* CommonParameter.swift in Sources */,
				17DA621A1CB8CDAF009070E6 /* UnionTitleView.swift in Sources */,
				462BEDE81C8682E300E451E4 /* AppDelegate.swift in Sources */,
				17C6EC091CD197F000DF71E1 /* RollViewController.swift in Sources */,
				462BEE1D1C86958000E451E4 /* Other.swift in Sources */,
				464245DB1CB63EA900C77849 /* ProblemController.swift in Sources */,
				17C6EC0D1CD1A57D00DF71E1 /* RollView.swift in Sources */,
				17DA62221CB8CDDC009070E6 /* OrderCellModel.swift in Sources */,
				462EAD771CB8DF1F00B5D14F /* AboutController.swift in Sources */,
				46DAE3851D02AF8B00789188 /* BetPara.swift in Sources */,
				170226E21CE6B19E00EA6AF6 /* AllUnionVO.swift in Sources */,
				1798F2A41CEC5C5F00D356D0 /* PassView.swift in Sources */,
				463EEB921CEAA99800708630 /* PayController.swift in Sources */,
				463E26341CF2D97100CE6F01 /* NirKxMenu.m in Sources */,
				17DA62241CB8CDDC009070E6 /* UnionTitleModel.swift in Sources */,
				466B3C651CFD3E0800944C1F /* Md5+Extension..swift in Sources */,
				1782A62A1D06675500444075 /* ResultCellModel.swift in Sources */,
				1798F2A21CEC406400D356D0 /* FluctuantView.swift in Sources */,
				17DA62181CB8CDAF009070E6 /* SwiftCustomAlertView.swift in Sources */,
				1782A62C1D066B6B00444075 /* ResultTitleInfo.swift in Sources */,
				462E11F91CB786BA00619A55 /* Bean_Questions.swift in Sources */,
				466B3C621CFD318F00944C1F /* UIDropDown.swift in Sources */,
				17DA62251CB8CDDC009070E6 /* UnionTitleVO.swift in Sources */,
				170226DE1CDC46D000EA6AF6 /* UnionCustomAlertView.swift in Sources */,
				17C6EC061CD0BC8500DF71E1 /* SwiftNotice.swift in Sources */,
				1782A6211D05601900444075 /* FootballResultView.swift in Sources */,
				17E287331CE96FC500B26CA6 /* BallViewController.swift in Sources */,
				177D3F541CED603D00ED6875 /* OrderView.swift in Sources */,
				46C02DF01C8E7844007F6A50 /* HistoryViewController.swift in Sources */,
			);
			runOnlyForDeploymentPostprocessing = 0;
		};
		462BEDF61C8682E300E451E4 /* Sources */ = {
			isa = PBXSourcesBuildPhase;
			buildActionMask = 2147483647;
			files = (
				462BEDFF1C8682E300E451E4 /* SportsBallTests.swift in Sources */,
			);
			runOnlyForDeploymentPostprocessing = 0;
		};
		462BEE011C8682E300E451E4 /* Sources */ = {
			isa = PBXSourcesBuildPhase;
			buildActionMask = 2147483647;
			files = (
				462BEE0A1C8682E300E451E4 /* SportsBallUITests.swift in Sources */,
			);
			runOnlyForDeploymentPostprocessing = 0;
		};
/* End PBXSourcesBuildPhase section */

/* Begin PBXTargetDependency section */
		462BEDFC1C8682E300E451E4 /* PBXTargetDependency */ = {
			isa = PBXTargetDependency;
			target = 462BEDE31C8682E300E451E4 /* SportsBall */;
			targetProxy = 462BEDFB1C8682E300E451E4 /* PBXContainerItemProxy */;
		};
		462BEE071C8682E300E451E4 /* PBXTargetDependency */ = {
			isa = PBXTargetDependency;
			target = 462BEDE31C8682E300E451E4 /* SportsBall */;
			targetProxy = 462BEE061C8682E300E451E4 /* PBXContainerItemProxy */;
		};
/* End PBXTargetDependency section */

/* Begin PBXVariantGroup section */
		462BEDED1C8682E300E451E4 /* Main.storyboard */ = {
			isa = PBXVariantGroup;
			children = (
				462BEDEE1C8682E300E451E4 /* Base */,
			);
			name = Main.storyboard;
			sourceTree = "<group>";
		};
		462BEDF21C8682E300E451E4 /* LaunchScreen.storyboard */ = {
			isa = PBXVariantGroup;
			children = (
				462BEDF31C8682E300E451E4 /* Base */,
			);
			name = LaunchScreen.storyboard;
			sourceTree = "<group>";
		};
/* End PBXVariantGroup section */

/* Begin XCBuildConfiguration section */
		462BEE0C1C8682E300E451E4 /* Debug */ = {
			isa = XCBuildConfiguration;
			buildSettings = {
				ALWAYS_SEARCH_USER_PATHS = NO;
				CLANG_CXX_LANGUAGE_STANDARD = "gnu++0x";
				CLANG_CXX_LIBRARY = "libc++";
				CLANG_ENABLE_MODULES = YES;
				CLANG_ENABLE_OBJC_ARC = YES;
				CLANG_WARN_BOOL_CONVERSION = YES;
				CLANG_WARN_CONSTANT_CONVERSION = YES;
				CLANG_WARN_DIRECT_OBJC_ISA_USAGE = YES_ERROR;
				CLANG_WARN_EMPTY_BODY = YES;
				CLANG_WARN_ENUM_CONVERSION = YES;
				CLANG_WARN_INT_CONVERSION = YES;
				CLANG_WARN_OBJC_ROOT_CLASS = YES_ERROR;
				CLANG_WARN_UNREACHABLE_CODE = YES;
				CLANG_WARN__DUPLICATE_METHOD_MATCH = YES;
				"CODE_SIGN_IDENTITY[sdk=iphoneos*]" = "iPhone Developer";
				COPY_PHASE_STRIP = NO;
				DEBUG_INFORMATION_FORMAT = dwarf;
				ENABLE_STRICT_OBJC_MSGSEND = YES;
				ENABLE_TESTABILITY = YES;
				GCC_C_LANGUAGE_STANDARD = gnu99;
				GCC_DYNAMIC_NO_PIC = NO;
				GCC_NO_COMMON_BLOCKS = YES;
				GCC_OPTIMIZATION_LEVEL = 0;
				GCC_PREPROCESSOR_DEFINITIONS = (
					"DEBUG=1",
					"$(inherited)",
				);
				GCC_WARN_64_TO_32_BIT_CONVERSION = YES;
				GCC_WARN_ABOUT_RETURN_TYPE = YES_ERROR;
				GCC_WARN_UNDECLARED_SELECTOR = YES;
				GCC_WARN_UNINITIALIZED_AUTOS = YES_AGGRESSIVE;
				GCC_WARN_UNUSED_FUNCTION = YES;
				GCC_WARN_UNUSED_VARIABLE = YES;
				IPHONEOS_DEPLOYMENT_TARGET = 9.2;
				MTL_ENABLE_DEBUG_INFO = YES;
				ONLY_ACTIVE_ARCH = YES;
				SDKROOT = iphoneos;
				SWIFT_OPTIMIZATION_LEVEL = "-Onone";
			};
			name = Debug;
		};
		462BEE0D1C8682E300E451E4 /* Release */ = {
			isa = XCBuildConfiguration;
			buildSettings = {
				ALWAYS_SEARCH_USER_PATHS = NO;
				CLANG_CXX_LANGUAGE_STANDARD = "gnu++0x";
				CLANG_CXX_LIBRARY = "libc++";
				CLANG_ENABLE_MODULES = YES;
				CLANG_ENABLE_OBJC_ARC = YES;
				CLANG_WARN_BOOL_CONVERSION = YES;
				CLANG_WARN_CONSTANT_CONVERSION = YES;
				CLANG_WARN_DIRECT_OBJC_ISA_USAGE = YES_ERROR;
				CLANG_WARN_EMPTY_BODY = YES;
				CLANG_WARN_ENUM_CONVERSION = YES;
				CLANG_WARN_INT_CONVERSION = YES;
				CLANG_WARN_OBJC_ROOT_CLASS = YES_ERROR;
				CLANG_WARN_UNREACHABLE_CODE = YES;
				CLANG_WARN__DUPLICATE_METHOD_MATCH = YES;
				"CODE_SIGN_IDENTITY[sdk=iphoneos*]" = "iPhone Developer";
				COPY_PHASE_STRIP = NO;
				DEBUG_INFORMATION_FORMAT = "dwarf-with-dsym";
				ENABLE_NS_ASSERTIONS = NO;
				ENABLE_STRICT_OBJC_MSGSEND = YES;
				GCC_C_LANGUAGE_STANDARD = gnu99;
				GCC_NO_COMMON_BLOCKS = YES;
				GCC_WARN_64_TO_32_BIT_CONVERSION = YES;
				GCC_WARN_ABOUT_RETURN_TYPE = YES_ERROR;
				GCC_WARN_UNDECLARED_SELECTOR = YES;
				GCC_WARN_UNINITIALIZED_AUTOS = YES_AGGRESSIVE;
				GCC_WARN_UNUSED_FUNCTION = YES;
				GCC_WARN_UNUSED_VARIABLE = YES;
				IPHONEOS_DEPLOYMENT_TARGET = 9.2;
				MTL_ENABLE_DEBUG_INFO = NO;
				SDKROOT = iphoneos;
				VALIDATE_PRODUCT = YES;
			};
			name = Release;
		};
		462BEE0F1C8682E300E451E4 /* Debug */ = {
			isa = XCBuildConfiguration;
			buildSettings = {
				ASSETCATALOG_COMPILER_APPICON_NAME = AppIcon;
				CLANG_ENABLE_MODULES = YES;
				INFOPLIST_FILE = SportsBall/Info.plist;
				LD_RUNPATH_SEARCH_PATHS = "$(inherited) @executable_path/Frameworks";
				PRODUCT_BUNDLE_IDENTIFIER = com.sportBall.SportsBall;
				PRODUCT_NAME = "$(TARGET_NAME)";
				SWIFT_OBJC_BRIDGING_HEADER = "SportsBall-Bridging-Header.h";
				SWIFT_OPTIMIZATION_LEVEL = "-Onone";
			};
			name = Debug;
		};
		462BEE101C8682E300E451E4 /* Release */ = {
			isa = XCBuildConfiguration;
			buildSettings = {
				ASSETCATALOG_COMPILER_APPICON_NAME = AppIcon;
				CLANG_ENABLE_MODULES = YES;
				"CODE_SIGN_IDENTITY[sdk=*]" = "";
				INFOPLIST_FILE = SportsBall/Info.plist;
				LD_RUNPATH_SEARCH_PATHS = "$(inherited) @executable_path/Frameworks";
				PRODUCT_BUNDLE_IDENTIFIER = com.sportBall.SportsBall;
				PRODUCT_NAME = "$(TARGET_NAME)";
				SWIFT_OBJC_BRIDGING_HEADER = "SportsBall-Bridging-Header.h";
			};
			name = Release;
		};
		462BEE121C8682E300E451E4 /* Debug */ = {
			isa = XCBuildConfiguration;
			buildSettings = {
				BUNDLE_LOADER = "$(TEST_HOST)";
				INFOPLIST_FILE = SportsBallTests/Info.plist;
				LD_RUNPATH_SEARCH_PATHS = "$(inherited) @executable_path/Frameworks @loader_path/Frameworks";
				PRODUCT_BUNDLE_IDENTIFIER = com.sportBall.SportsBallTests;
				PRODUCT_NAME = "$(TARGET_NAME)";
				TEST_HOST = "$(BUILT_PRODUCTS_DIR)/SportsBall.app/SportsBall";
			};
			name = Debug;
		};
		462BEE131C8682E300E451E4 /* Release */ = {
			isa = XCBuildConfiguration;
			buildSettings = {
				BUNDLE_LOADER = "$(TEST_HOST)";
				INFOPLIST_FILE = SportsBallTests/Info.plist;
				LD_RUNPATH_SEARCH_PATHS = "$(inherited) @executable_path/Frameworks @loader_path/Frameworks";
				PRODUCT_BUNDLE_IDENTIFIER = com.sportBall.SportsBallTests;
				PRODUCT_NAME = "$(TARGET_NAME)";
				TEST_HOST = "$(BUILT_PRODUCTS_DIR)/SportsBall.app/SportsBall";
			};
			name = Release;
		};
		462BEE151C8682E300E451E4 /* Debug */ = {
			isa = XCBuildConfiguration;
			buildSettings = {
				INFOPLIST_FILE = SportsBallUITests/Info.plist;
				LD_RUNPATH_SEARCH_PATHS = "$(inherited) @executable_path/Frameworks @loader_path/Frameworks";
				PRODUCT_BUNDLE_IDENTIFIER = com.sportBall.SportsBallUITests;
				PRODUCT_NAME = "$(TARGET_NAME)";
				TEST_TARGET_NAME = SportsBall;
				USES_XCTRUNNER = YES;
			};
			name = Debug;
		};
		462BEE161C8682E300E451E4 /* Release */ = {
			isa = XCBuildConfiguration;
			buildSettings = {
				INFOPLIST_FILE = SportsBallUITests/Info.plist;
				LD_RUNPATH_SEARCH_PATHS = "$(inherited) @executable_path/Frameworks @loader_path/Frameworks";
				PRODUCT_BUNDLE_IDENTIFIER = com.sportBall.SportsBallUITests;
				PRODUCT_NAME = "$(TARGET_NAME)";
				TEST_TARGET_NAME = SportsBall;
				USES_XCTRUNNER = YES;
			};
			name = Release;
		};
/* End XCBuildConfiguration section */

/* Begin XCConfigurationList section */
		462BEDDF1C8682E300E451E4 /* Build configuration list for PBXProject "SportsBall" */ = {
			isa = XCConfigurationList;
			buildConfigurations = (
				462BEE0C1C8682E300E451E4 /* Debug */,
				462BEE0D1C8682E300E451E4 /* Release */,
			);
			defaultConfigurationIsVisible = 0;
			defaultConfigurationName = Release;
		};
		462BEE0E1C8682E300E451E4 /* Build configuration list for PBXNativeTarget "SportsBall" */ = {
			isa = XCConfigurationList;
			buildConfigurations = (
				462BEE0F1C8682E300E451E4 /* Debug */,
				462BEE101C8682E300E451E4 /* Release */,
			);
			defaultConfigurationIsVisible = 0;
			defaultConfigurationName = Release;
		};
		462BEE111C8682E300E451E4 /* Build configuration list for PBXNativeTarget "SportsBallTests" */ = {
			isa = XCConfigurationList;
			buildConfigurations = (
				462BEE121C8682E300E451E4 /* Debug */,
				462BEE131C8682E300E451E4 /* Release */,
			);
			defaultConfigurationIsVisible = 0;
			defaultConfigurationName = Release;
		};
		462BEE141C8682E300E451E4 /* Build configuration list for PBXNativeTarget "SportsBallUITests" */ = {
			isa = XCConfigurationList;
			buildConfigurations = (
				462BEE151C8682E300E451E4 /* Debug */,
				462BEE161C8682E300E451E4 /* Release */,
			);
			defaultConfigurationIsVisible = 0;
			defaultConfigurationName = Release;
		};
/* End XCConfigurationList section */
	};
	rootObject = 462BEDDC1C8682E300E451E4 /* Project object */;
}
